GEM
  remote: http://rubygems.org/
  specs:
    ast (2.0.0)
    astrolabe (1.3.0)
      parser (>= 2.2.0.pre.3, < 3.0)
    diff-lcs (1.2.5)
    parser (2.2.0.3)
      ast (>= 1.1, < 3.0)
    powerpack (0.1.0)
    rainbow (2.0.0)
    rake (10.4.2)
    rspec (3.2.0)
      rspec-core (~> 3.2.0)
      rspec-expectations (~> 3.2.0)
      rspec-mocks (~> 3.2.0)
    rspec-core (3.2.3)
      rspec-support (~> 3.2.0)
    rspec-expectations (3.2.1)
      diff-lcs (>= 1.2.0, < 2.0)
      rspec-support (~> 3.2.0)
    rspec-mocks (3.2.1)
      diff-lcs (>= 1.2.0, < 2.0)
      rspec-support (~> 3.2.0)
    rspec-support (3.2.2)
    rubocop (0.30.0)
      astrolabe (~> 1.3)
      parser (>= 2.2.0.1, < 3.0)
      powerpack (~> 0.1)
      rainbow (>= 1.99.1, < 3.0)
      ruby-progressbar (~> 1.4)
    ruby-progressbar (1.7.5)
    slack-rtmapi (1.0.0.rc4)
      websocket-driver
    websocket-driver (0.5.4)
      websocket-extensions (>= 0.1.0)
    websocket-extensions (0.1.2)

PLATFORMS
  ruby

DEPENDENCIES
  rake (~> 10.4)
  rspec (~> 3.2)
  rubocop (= 0.30.0)
  slack-rtmapi
